
Microsoft Visual Studio Solution File, Format Version 12.00
# Visual Studio Version 17
VisualStudioVersion = 17.10.35013.160
MinimumVisualStudioVersion = 10.0.40219.1
Project("{FAE04EC0-301F-11D3-BF4B-00C04F79EFBC}") = "ChatApp", "ChatApp.csproj", "{36087975-66D1-4086-A69D-72CB109AF3E9}"
EndProject
Global
	GlobalSection(SolutionConfigurationPlatforms) = preSolution
		Debug|Any CPU = Debug|Any CPU
		Release|Any CPU = Release|Any CPU
	EndGlobalSection
	GlobalSection(ProjectConfigurationPlatforms) = postSolution
		{36087975-66D1-4086-A69D-72CB109AF3E9}.Debug|Any CPU.ActiveCfg = Debug|Any CPU
		{36087975-66D1-4086-A69D-72CB109AF3E9}.Debug|Any CPU.Build.0 = Debug|Any CPU
		{36087975-66D1-4086-A69D-72CB109AF3E9}.Release|Any CPU.ActiveCfg = Release|Any CPU
		{36087975-66D1-4086-A69D-72CB109AF3E9}.Release|Any CPU.Build.0 = Release|Any CPU
	EndGlobalSection
	GlobalSection(SolutionProperties) = preSolution
		HideSolutionNode = FALSE
	EndGlobalSection
	GlobalSection(ExtensibilityGlobals) = postSolution
		SolutionGuid = {40FD3A42-A372-4277-997B-1B2938713640}
	EndGlobalSection
EndGlobal
